
Microsoft Visual Studio Solution File, Format Version 12.00
# Visual Studio 14
VisualStudioVersion = 14.0.24720.0
MinimumVisualStudioVersion = 10.0.40219.1
Project("{FAE04EC0-301F-11D3-BF4B-00C04F79EFBC}") = "BoosterTracks", "BoosterTracks\BoosterTracks.csproj", "{AAC723EB-3241-4EC9-89AC-6B8417B70E0B}"
EndProject
Global
	GlobalSection(SolutionConfigurationPlatforms) = preSolution
		Debug|Any CPU = Debug|Any CPU
		Release|Any CPU = Release|Any CPU
	EndGlobalSection
	GlobalSection(ProjectConfigurationPlatforms) = postSolution
		{AAC723EB-3241-4EC9-89AC-6B8417B70E0B}.Debug|Any CPU.ActiveCfg = Debug|Any CPU
		{AAC723EB-3241-4EC9-89AC-6B8417B70E0B}.Debug|Any CPU.Build.0 = Debug|Any CPU
		{AAC723EB-3241-4EC9-89AC-6B8417B70E0B}.Release|Any CPU.ActiveCfg = Release|Any CPU
		{AAC723EB-3241-4EC9-89AC-6B8417B70E0B}.Release|Any CPU.Build.0 = Release|Any CPU
	EndGlobalSection
	GlobalSection(SolutionProperties) = preSolution
		HideSolutionNode = FALSE
	EndGlobalSection
EndGlobal
